PODS:
  - KIF-next (2.0.0pre4)
  - SHBarButtonItemBlocks (1.0.0)
  - SHControlBlocks (1.0.1)
  - SHPopoverControllerBlocks (1.0.0)
  - SHTestCaseAdditions (1.0.0)

DEPENDENCIES:
  - KIF-next
  - SHBarButtonItemBlocks
  - SHControlBlocks
  - SHPopoverControllerBlocks (from `../`)
  - SHTestCaseAdditions (from `https://github.com/seivan/SHTestCaseAdditions`)

EXTERNAL SOURCES:
  SHPopoverControllerBlocks:
    :path: ../
  SHTestCaseAdditions:
    :git: https://github.com/seivan/SHTestCaseAdditions

SPEC CHECKSUMS:
  KIF-next: 1c59f919ceee5999373c875832101c2fb48b5f59
  SHBarButtonItemBlocks: 2d0a2b3bfff3a019a730eb789767daf02c1c753a
  SHControlBlocks: 98626a5f7d7e06e618f6550eeb430cb10d072eb6
  SHPopoverControllerBlocks: 9f38823f4529da30d39ed7e4a30320aeade44d42
  SHTestCaseAdditions: c19f82ab9f4963261ae1540eb1845146f24b2ff2

COCOAPODS: 0.22.3
